
Microsoft Visual Studio Solution File, Format Version 12.00
# Visual Studio Version 16
VisualStudioVersion = 16.0.28803.352
MinimumVisualStudioVersion = 10.0.40219.1
Project("{9A19103F-16F7-4668-BE54-9A1E7A4F7556}") = "BasketManagement", "BasketManagement\BasketManagement.csproj", "{D3C5536F-27D7-4C23-89C8-97655E8BB96C}"
EndProject
Global
	GlobalSection(SolutionConfigurationPlatforms) = preSolution
		Debug|Any CPU = Debug|Any CPU
		Release|Any CPU = Release|Any CPU
	EndGlobalSection
	GlobalSection(ProjectConfigurationPlatforms) = postSolution
		{D3C5536F-27D7-4C23-89C8-97655E8BB96C}.Debug|Any CPU.ActiveCfg = Debug|Any CPU
		{D3C5536F-27D7-4C23-89C8-97655E8BB96C}.Debug|Any CPU.Build.0 = Debug|Any CPU
		{D3C5536F-27D7-4C23-89C8-97655E8BB96C}.Release|Any CPU.ActiveCfg = Release|Any CPU
		{D3C5536F-27D7-4C23-89C8-97655E8BB96C}.Release|Any CPU.Build.0 = Release|Any CPU
	EndGlobalSection
	GlobalSection(SolutionProperties) = preSolution
		HideSolutionNode = FALSE
	EndGlobalSection
	GlobalSection(ExtensibilityGlobals) = postSolution
		SolutionGuid = {E3E6C345-9355-4480-BCB3-00B8DCA90559}
	EndGlobalSection
EndGlobal
